# This file is automatically @generated by Cargo.
# It is not intended for manual editing.
version = 3

[[package]]
name = "cargo-single"
version = "1.0.0"
source = "registry+https://github.com/rust-lang/crates.io-index"
checksum = "fbe5cd93d0606ebb5d187a4775c3127b4ad7ed45a3963143471fbf7e93bc2dee"

[[package]]
name = "rust-konch"
version = "0.1.0"
dependencies = [
 "cargo-single",
]
